
Microsoft Visual Studio Solution File, Format Version 12.00
# Visual Studio Version 16
VisualStudioVersion = 16.0.29613.14
MinimumVisualStudioVersion = 10.0.40219.1
Project("{FAE04EC0-301F-11D3-BF4B-00C04F79EFBC}") = "App4CD", "App4CD\App4CD.csproj", "{5A8E8429-1D30-4E83-866C-27B1DCE8831E}"
EndProject
Project("{9A19103F-16F7-4668-BE54-9A1E7A4F7556}") = "App4CD.Core", "App4CD.Core\App4CD.Core.csproj", "{29707B41-58F0-4441-BD27-AAB8D0D6A458}"
EndProject
Global
	GlobalSection(SolutionConfigurationPlatforms) = preSolution
		Debug|Any CPU = Debug|Any CPU
		Debug|ARM = Debug|ARM
		Debug|ARM64 = Debug|ARM64
		Debug|x64 = Debug|x64
		Debug|x86 = Debug|x86
		Release|Any CPU = Release|Any CPU
		Release|ARM = Release|ARM
		Release|ARM64 = Release|ARM64
		Release|x64 = Release|x64
		Release|x86 = Release|x86
	EndGlobalSection
	GlobalSection(ProjectConfigurationPlatforms) = postSolution
		{5A8E8429-1D30-4E83-866C-27B1DCE8831E}.Debug|Any CPU.ActiveCfg = Debug|x86
		{5A8E8429-1D30-4E83-866C-27B1DCE8831E}.Debug|ARM.ActiveCfg = Debug|ARM
		{5A8E8429-1D30-4E83-866C-27B1DCE8831E}.Debug|ARM.Build.0 = Debug|ARM
		{5A8E8429-1D30-4E83-866C-27B1DCE8831E}.Debug|ARM.Deploy.0 = Debug|ARM
		{5A8E8429-1D30-4E83-866C-27B1DCE8831E}.Debug|ARM64.ActiveCfg = Debug|ARM64
		{5A8E8429-1D30-4E83-866C-27B1DCE8831E}.Debug|ARM64.Build.0 = Debug|ARM64
		{5A8E8429-1D30-4E83-866C-27B1DCE8831E}.Debug|ARM64.Deploy.0 = Debug|ARM64
		{5A8E8429-1D30-4E83-866C-27B1DCE8831E}.Debug|x64.ActiveCfg = Debug|x64
		{5A8E8429-1D30-4E83-866C-27B1DCE8831E}.Debug|x64.Build.0 = Debug|x64
		{5A8E8429-1D30-4E83-866C-27B1DCE8831E}.Debug|x64.Deploy.0 = Debug|x64
		{5A8E8429-1D30-4E83-866C-27B1DCE8831E}.Debug|x86.ActiveCfg = Debug|x86
		{5A8E8429-1D30-4E83-866C-27B1DCE8831E}.Debug|x86.Build.0 = Debug|x86
		{5A8E8429-1D30-4E83-866C-27B1DCE8831E}.Debug|x86.Deploy.0 = Debug|x86
		{5A8E8429-1D30-4E83-866C-27B1DCE8831E}.Release|Any CPU.ActiveCfg = Release|x86
		{5A8E8429-1D30-4E83-866C-27B1DCE8831E}.Release|ARM.ActiveCfg = Release|ARM
		{5A8E8429-1D30-4E83-866C-27B1DCE8831E}.Release|ARM.Build.0 = Release|ARM
		{5A8E8429-1D30-4E83-866C-27B1DCE8831E}.Release|ARM.Deploy.0 = Release|ARM
		{5A8E8429-1D30-4E83-866C-27B1DCE8831E}.Release|ARM64.ActiveCfg = Release|ARM64
		{5A8E8429-1D30-4E83-866C-27B1DCE8831E}.Release|ARM64.Build.0 = Release|ARM64
		{5A8E8429-1D30-4E83-866C-27B1DCE8831E}.Release|ARM64.Deploy.0 = Release|ARM64
		{5A8E8429-1D30-4E83-866C-27B1DCE8831E}.Release|x64.ActiveCfg = Release|x64
		{5A8E8429-1D30-4E83-866C-27B1DCE8831E}.Release|x64.Build.0 = Release|x64
		{5A8E8429-1D30-4E83-866C-27B1DCE8831E}.Release|x64.Deploy.0 = Release|x64
		{5A8E8429-1D30-4E83-866C-27B1DCE8831E}.Release|x86.ActiveCfg = Release|x86
		{5A8E8429-1D30-4E83-866C-27B1DCE8831E}.Release|x86.Build.0 = Release|x86
		{5A8E8429-1D30-4E83-866C-27B1DCE8831E}.Release|x86.Deploy.0 = Release|x86
		{29707B41-58F0-4441-BD27-AAB8D0D6A458}.Debug|Any CPU.ActiveCfg = Debug|Any CPU
		{29707B41-58F0-4441-BD27-AAB8D0D6A458}.Debug|Any CPU.Build.0 = Debug|Any CPU
		{29707B41-58F0-4441-BD27-AAB8D0D6A458}.Debug|ARM.ActiveCfg = Debug|Any CPU
		{29707B41-58F0-4441-BD27-AAB8D0D6A458}.Debug|ARM.Build.0 = Debug|Any CPU
		{29707B41-58F0-4441-BD27-AAB8D0D6A458}.Debug|ARM64.ActiveCfg = Debug|Any CPU
		{29707B41-58F0-4441-BD27-AAB8D0D6A458}.Debug|ARM64.Build.0 = Debug|Any CPU
		{29707B41-58F0-4441-BD27-AAB8D0D6A458}.Debug|x64.ActiveCfg = Debug|Any CPU
		{29707B41-58F0-4441-BD27-AAB8D0D6A458}.Debug|x64.Build.0 = Debug|Any CPU
		{29707B41-58F0-4441-BD27-AAB8D0D6A458}.Debug|x86.ActiveCfg = Debug|Any CPU
		{29707B41-58F0-4441-BD27-AAB8D0D6A458}.Debug|x86.Build.0 = Debug|Any CPU
		{29707B41-58F0-4441-BD27-AAB8D0D6A458}.Release|Any CPU.ActiveCfg = Release|Any CPU
		{29707B41-58F0-4441-BD27-AAB8D0D6A458}.Release|Any CPU.Build.0 = Release|Any CPU
		{29707B41-58F0-4441-BD27-AAB8D0D6A458}.Release|ARM.ActiveCfg = Release|Any CPU
		{29707B41-58F0-4441-BD27-AAB8D0D6A458}.Release|ARM.Build.0 = Release|Any CPU
		{29707B41-58F0-4441-BD27-AAB8D0D6A458}.Release|ARM64.ActiveCfg = Release|Any CPU
		{29707B41-58F0-4441-BD27-AAB8D0D6A458}.Release|ARM64.Build.0 = Release|Any CPU
		{29707B41-58F0-4441-BD27-AAB8D0D6A458}.Release|x64.ActiveCfg = Release|Any CPU
		{29707B41-58F0-4441-BD27-AAB8D0D6A458}.Release|x64.Build.0 = Release|Any CPU
		{29707B41-58F0-4441-BD27-AAB8D0D6A458}.Release|x86.ActiveCfg = Release|Any CPU
		{29707B41-58F0-4441-BD27-AAB8D0D6A458}.Release|x86.Build.0 = Release|Any CPU
	EndGlobalSection
	GlobalSection(SolutionProperties) = preSolution
		HideSolutionNode = FALSE
	EndGlobalSection
	GlobalSection(ExtensibilityGlobals) = postSolution
		SolutionGuid = {D122E4DE-095A-45C8-B3CA-98E8834D30E9}
	EndGlobalSection
EndGlobal
